
Microsoft Visual Studio Solution File, Format Version 12.00
# Visual Studio Express 2012 for Windows Desktop
Project("{FAE04EC0-301F-11D3-BF4B-00C04F79EFBC}") = "LaunchPad", "launchPad\LaunchPad.csproj", "{2D7922E4-037F-42CA-B930-5B419394EBD7}"
EndProject
Project("{FAE04EC0-301F-11D3-BF4B-00C04F79EFBC}") = "LaunchPadTest", "LaunchPadTest\LaunchPadTest.csproj", "{978E7748-1B88-4009-AC55-9E710B14DE89}"
EndProject
Global
	GlobalSection(SolutionConfigurationPlatforms) = preSolution
		Debug|Any CPU = Debug|Any CPU
		Release|Any CPU = Release|Any CPU
	EndGlobalSection
	GlobalSection(ProjectConfigurationPlatforms) = postSolution
		{2D7922E4-037F-42CA-B930-5B419394EBD7}.Debug|Any CPU.ActiveCfg = Debug|Any CPU
		{2D7922E4-037F-42CA-B930-5B419394EBD7}.Debug|Any CPU.Build.0 = Debug|Any CPU
		{2D7922E4-037F-42CA-B930-5B419394EBD7}.Release|Any CPU.ActiveCfg = Release|Any CPU
		{2D7922E4-037F-42CA-B930-5B419394EBD7}.Release|Any CPU.Build.0 = Release|Any CPU
		{978E7748-1B88-4009-AC55-9E710B14DE89}.Debug|Any CPU.ActiveCfg = Debug|Any CPU
		{978E7748-1B88-4009-AC55-9E710B14DE89}.Debug|Any CPU.Build.0 = Debug|Any CPU
		{978E7748-1B88-4009-AC55-9E710B14DE89}.Release|Any CPU.ActiveCfg = Release|Any CPU
		{978E7748-1B88-4009-AC55-9E710B14DE89}.Release|Any CPU.Build.0 = Release|Any CPU
	EndGlobalSection
	GlobalSection(SolutionProperties) = preSolution
		HideSolutionNode = FALSE
	EndGlobalSection
EndGlobal
